
Microsoft Visual Studio Solution File, Format Version 12.00
# Visual Studio 14
VisualStudioVersion = 14.0.25420.1
MinimumVisualStudioVersion = 10.0.40219.1
Project("{FAE04EC0-301F-11D3-BF4B-00C04F79EFBC}") = "PingPongClient", "PingPongClient\PingPongClient\PingPongClient.csproj", "{3770391E-CC36-4E07-89E3-5BDC2E24EF54}"
EndProject
Project("{FAE04EC0-301F-11D3-BF4B-00C04F79EFBC}") = "PingPongClientContent", "PingPongClient\PingPongClientContent\PingPongClientContent.contentproj", "{6E45F2F0-1634-4515-8507-E5D4DAC0987E}"
EndProject
Project("{FAE04EC0-301F-11D3-BF4B-00C04F79EFBC}") = "NetworkLibrary", "..\NetworkLibrary\NetworkLibrary.csproj", "{AA01E32B-AB68-49A5-AD9E-07E955D3B357}"
EndProject
Project("{FAE04EC0-301F-11D3-BF4B-00C04F79EFBC}") = "GameLogicLibrary", "..\GameLogicLibrary\GameLogicLibrary.csproj", "{212421D7-F509-4477-A78D-BA638AB63EB1}"
EndProject
Project("{FAE04EC0-301F-11D3-BF4B-00C04F79EFBC}") = "XSNetwork", "..\XSLibrary\XSLibrary\XSNetwork\XSNetwork.csproj", "{36A1D62E-EA81-4B77-AB0B-6753A7F394ED}"
EndProject
Project("{FAE04EC0-301F-11D3-BF4B-00C04F79EFBC}") = "XSUtility", "..\XSLibrary\XSLibrary\XSUtility\XSUtility.csproj", "{A37C8BF1-08E7-46BB-8F9E-536A82365FED}"
EndProject
Project("{FAE04EC0-301F-11D3-BF4B-00C04F79EFBC}") = "XSThreadSafety", "..\XSLibrary\XSLibrary\XSThreadSafety\XSThreadSafety.csproj", "{1364168D-0353-49F5-9DAC-2A501FD8055A}"
EndProject
Project("{FAE04EC0-301F-11D3-BF4B-00C04F79EFBC}") = "XSCryptography", "..\XSLibrary\XSLibrary\XSCryptography\XSCryptography.csproj", "{1B219104-B11E-49E4-861F-5200520FB9E9}"
EndProject
Project("{FAE04EC0-301F-11D3-BF4B-00C04F79EFBC}") = "ManagedOpenSsl", "..\XSLibrary\openssl-net\ManagedOpenSsl\ManagedOpenSsl.csproj", "{73DCC218-655B-485F-8EAC-0CE5F2F7343D}"
EndProject
Global
	GlobalSection(SolutionConfigurationPlatforms) = preSolution
		Debug|Any CPU = Debug|Any CPU
		Debug|x64 = Debug|x64
		Debug|x86 = Debug|x86
		Release|Any CPU = Release|Any CPU
		Release|x64 = Release|x64
		Release|x86 = Release|x86
		Trace|Any CPU = Trace|Any CPU
		Trace|x64 = Trace|x64
		Trace|x86 = Trace|x86
	EndGlobalSection
	GlobalSection(ProjectConfigurationPlatforms) = postSolution
		{3770391E-CC36-4E07-89E3-5BDC2E24EF54}.Debug|Any CPU.ActiveCfg = Debug|x86
		{3770391E-CC36-4E07-89E3-5BDC2E24EF54}.Debug|Any CPU.Build.0 = Debug|x86
		{3770391E-CC36-4E07-89E3-5BDC2E24EF54}.Debug|x64.ActiveCfg = Debug|x86
		{3770391E-CC36-4E07-89E3-5BDC2E24EF54}.Debug|x86.ActiveCfg = Debug|x86
		{3770391E-CC36-4E07-89E3-5BDC2E24EF54}.Debug|x86.Build.0 = Debug|x86
		{3770391E-CC36-4E07-89E3-5BDC2E24EF54}.Release|Any CPU.ActiveCfg = Release|x86
		{3770391E-CC36-4E07-89E3-5BDC2E24EF54}.Release|Any CPU.Build.0 = Release|x86
		{3770391E-CC36-4E07-89E3-5BDC2E24EF54}.Release|x64.ActiveCfg = Release|x86
		{3770391E-CC36-4E07-89E3-5BDC2E24EF54}.Release|x86.ActiveCfg = Release|x86
		{3770391E-CC36-4E07-89E3-5BDC2E24EF54}.Release|x86.Build.0 = Release|x86
		{3770391E-CC36-4E07-89E3-5BDC2E24EF54}.Trace|Any CPU.ActiveCfg = Release|x86
		{3770391E-CC36-4E07-89E3-5BDC2E24EF54}.Trace|Any CPU.Build.0 = Release|x86
		{3770391E-CC36-4E07-89E3-5BDC2E24EF54}.Trace|x64.ActiveCfg = Release|x86
		{3770391E-CC36-4E07-89E3-5BDC2E24EF54}.Trace|x64.Build.0 = Release|x86
		{3770391E-CC36-4E07-89E3-5BDC2E24EF54}.Trace|x86.ActiveCfg = Release|x86
		{3770391E-CC36-4E07-89E3-5BDC2E24EF54}.Trace|x86.Build.0 = Release|x86
		{6E45F2F0-1634-4515-8507-E5D4DAC0987E}.Debug|Any CPU.ActiveCfg = Debug|x86
		{6E45F2F0-1634-4515-8507-E5D4DAC0987E}.Debug|x64.ActiveCfg = Debug|x86
		{6E45F2F0-1634-4515-8507-E5D4DAC0987E}.Debug|x86.ActiveCfg = Debug|x86
		{6E45F2F0-1634-4515-8507-E5D4DAC0987E}.Release|Any CPU.ActiveCfg = Release|x86
		{6E45F2F0-1634-4515-8507-E5D4DAC0987E}.Release|x64.ActiveCfg = Release|x86
		{6E45F2F0-1634-4515-8507-E5D4DAC0987E}.Release|x86.ActiveCfg = Release|x86
		{6E45F2F0-1634-4515-8507-E5D4DAC0987E}.Trace|Any CPU.ActiveCfg = Release|x86
		{6E45F2F0-1634-4515-8507-E5D4DAC0987E}.Trace|x64.ActiveCfg = Release|x86
		{6E45F2F0-1634-4515-8507-E5D4DAC0987E}.Trace|x86.ActiveCfg = Release|x86
		{AA01E32B-AB68-49A5-AD9E-07E955D3B357}.Debug|Any CPU.ActiveCfg = Debug|Any CPU
		{AA01E32B-AB68-49A5-AD9E-07E955D3B357}.Debug|Any CPU.Build.0 = Debug|Any CPU
		{AA01E32B-AB68-49A5-AD9E-07E955D3B357}.Debug|x64.ActiveCfg = Debug|Any CPU
		{AA01E32B-AB68-49A5-AD9E-07E955D3B357}.Debug|x64.Build.0 = Debug|Any CPU
		{AA01E32B-AB68-49A5-AD9E-07E955D3B357}.Debug|x86.ActiveCfg = Debug|Any CPU
		{AA01E32B-AB68-49A5-AD9E-07E955D3B357}.Debug|x86.Build.0 = Debug|Any CPU
		{AA01E32B-AB68-49A5-AD9E-07E955D3B357}.Release|Any CPU.ActiveCfg = Release|Any CPU
		{AA01E32B-AB68-49A5-AD9E-07E955D3B357}.Release|Any CPU.Build.0 = Release|Any CPU
		{AA01E32B-AB68-49A5-AD9E-07E955D3B357}.Release|x64.ActiveCfg = Release|Any CPU
		{AA01E32B-AB68-49A5-AD9E-07E955D3B357}.Release|x64.Build.0 = Release|Any CPU
		{AA01E32B-AB68-49A5-AD9E-07E955D3B357}.Release|x86.ActiveCfg = Release|Any CPU
		{AA01E32B-AB68-49A5-AD9E-07E955D3B357}.Release|x86.Build.0 = Release|Any CPU
		{AA01E32B-AB68-49A5-AD9E-07E955D3B357}.Trace|Any CPU.ActiveCfg = Release|Any CPU
		{AA01E32B-AB68-49A5-AD9E-07E955D3B357}.Trace|Any CPU.Build.0 = Release|Any CPU
		{AA01E32B-AB68-49A5-AD9E-07E955D3B357}.Trace|x64.ActiveCfg = Release|Any CPU
		{AA01E32B-AB68-49A5-AD9E-07E955D3B357}.Trace|x64.Build.0 = Release|Any CPU
		{AA01E32B-AB68-49A5-AD9E-07E955D3B357}.Trace|x86.ActiveCfg = Release|Any CPU
		{AA01E32B-AB68-49A5-AD9E-07E955D3B357}.Trace|x86.Build.0 = Release|Any CPU
		{212421D7-F509-4477-A78D-BA638AB63EB1}.Debug|Any CPU.ActiveCfg = Debug|Any CPU
		{212421D7-F509-4477-A78D-BA638AB63EB1}.Debug|Any CPU.Build.0 = Debug|Any CPU
		{212421D7-F509-4477-A78D-BA638AB63EB1}.Debug|x64.ActiveCfg = Debug|Any CPU
		{212421D7-F509-4477-A78D-BA638AB63EB1}.Debug|x64.Build.0 = Debug|Any CPU
		{212421D7-F509-4477-A78D-BA638AB63EB1}.Debug|x86.ActiveCfg = Debug|Any CPU
		{212421D7-F509-4477-A78D-BA638AB63EB1}.Debug|x86.Build.0 = Debug|Any CPU
		{212421D7-F509-4477-A78D-BA638AB63EB1}.Release|Any CPU.ActiveCfg = Release|Any CPU
		{212421D7-F509-4477-A78D-BA638AB63EB1}.Release|Any CPU.Build.0 = Release|Any CPU
		{212421D7-F509-4477-A78D-BA638AB63EB1}.Release|x64.ActiveCfg = Release|Any CPU
		{212421D7-F509-4477-A78D-BA638AB63EB1}.Release|x64.Build.0 = Release|Any CPU
		{212421D7-F509-4477-A78D-BA638AB63EB1}.Release|x86.ActiveCfg = Release|Any CPU
		{212421D7-F509-4477-A78D-BA638AB63EB1}.Release|x86.Build.0 = Release|Any CPU
		{212421D7-F509-4477-A78D-BA638AB63EB1}.Trace|Any CPU.ActiveCfg = Release|Any CPU
		{212421D7-F509-4477-A78D-BA638AB63EB1}.Trace|Any CPU.Build.0 = Release|Any CPU
		{212421D7-F509-4477-A78D-BA638AB63EB1}.Trace|x64.ActiveCfg = Release|Any CPU
		{212421D7-F509-4477-A78D-BA638AB63EB1}.Trace|x64.Build.0 = Release|Any CPU
		{212421D7-F509-4477-A78D-BA638AB63EB1}.Trace|x86.ActiveCfg = Release|Any CPU
		{212421D7-F509-4477-A78D-BA638AB63EB1}.Trace|x86.Build.0 = Release|Any CPU
		{36A1D62E-EA81-4B77-AB0B-6753A7F394ED}.Debug|Any CPU.ActiveCfg = Debug|Any CPU
		{36A1D62E-EA81-4B77-AB0B-6753A7F394ED}.Debug|Any CPU.Build.0 = Debug|Any CPU
		{36A1D62E-EA81-4B77-AB0B-6753A7F394ED}.Debug|x64.ActiveCfg = Debug|Any CPU
		{36A1D62E-EA81-4B77-AB0B-6753A7F394ED}.Debug|x64.Build.0 = Debug|Any CPU
		{36A1D62E-EA81-4B77-AB0B-6753A7F394ED}.Debug|x86.ActiveCfg = Debug|Any CPU
		{36A1D62E-EA81-4B77-AB0B-6753A7F394ED}.Debug|x86.Build.0 = Debug|Any CPU
		{36A1D62E-EA81-4B77-AB0B-6753A7F394ED}.Release|Any CPU.ActiveCfg = Release|Any CPU
		{36A1D62E-EA81-4B77-AB0B-6753A7F394ED}.Release|Any CPU.Build.0 = Release|Any CPU
		{36A1D62E-EA81-4B77-AB0B-6753A7F394ED}.Release|x64.ActiveCfg = Release|Any CPU
		{36A1D62E-EA81-4B77-AB0B-6753A7F394ED}.Release|x64.Build.0 = Release|Any CPU
		{36A1D62E-EA81-4B77-AB0B-6753A7F394ED}.Release|x86.ActiveCfg = Release|Any CPU
		{36A1D62E-EA81-4B77-AB0B-6753A7F394ED}.Release|x86.Build.0 = Release|Any CPU
		{36A1D62E-EA81-4B77-AB0B-6753A7F394ED}.Trace|Any CPU.ActiveCfg = Release|Any CPU
		{36A1D62E-EA81-4B77-AB0B-6753A7F394ED}.Trace|Any CPU.Build.0 = Release|Any CPU
		{36A1D62E-EA81-4B77-AB0B-6753A7F394ED}.Trace|x64.ActiveCfg = Release|Any CPU
		{36A1D62E-EA81-4B77-AB0B-6753A7F394ED}.Trace|x64.Build.0 = Release|Any CPU
		{36A1D62E-EA81-4B77-AB0B-6753A7F394ED}.Trace|x86.ActiveCfg = Release|Any CPU
		{36A1D62E-EA81-4B77-AB0B-6753A7F394ED}.Trace|x86.Build.0 = Release|Any CPU
		{A37C8BF1-08E7-46BB-8F9E-536A82365FED}.Debug|Any CPU.ActiveCfg = Debug|Any CPU
		{A37C8BF1-08E7-46BB-8F9E-536A82365FED}.Debug|Any CPU.Build.0 = Debug|Any CPU
		{A37C8BF1-08E7-46BB-8F9E-536A82365FED}.Debug|x64.ActiveCfg = Debug|Any CPU
		{A37C8BF1-08E7-46BB-8F9E-536A82365FED}.Debug|x64.Build.0 = Debug|Any CPU
		{A37C8BF1-08E7-46BB-8F9E-536A82365FED}.Debug|x86.ActiveCfg = Debug|Any CPU
		{A37C8BF1-08E7-46BB-8F9E-536A82365FED}.Debug|x86.Build.0 = Debug|Any CPU
		{A37C8BF1-08E7-46BB-8F9E-536A82365FED}.Release|Any CPU.ActiveCfg = Release|Any CPU
		{A37C8BF1-08E7-46BB-8F9E-536A82365FED}.Release|Any CPU.Build.0 = Release|Any CPU
		{A37C8BF1-08E7-46BB-8F9E-536A82365FED}.Release|x64.ActiveCfg = Release|Any CPU
		{A37C8BF1-08E7-46BB-8F9E-536A82365FED}.Release|x64.Build.0 = Release|Any CPU
		{A37C8BF1-08E7-46BB-8F9E-536A82365FED}.Release|x86.ActiveCfg = Release|Any CPU
		{A37C8BF1-08E7-46BB-8F9E-536A82365FED}.Release|x86.Build.0 = Release|Any CPU
		{A37C8BF1-08E7-46BB-8F9E-536A82365FED}.Trace|Any CPU.ActiveCfg = Release|Any CPU
		{A37C8BF1-08E7-46BB-8F9E-536A82365FED}.Trace|Any CPU.Build.0 = Release|Any CPU
		{A37C8BF1-08E7-46BB-8F9E-536A82365FED}.Trace|x64.ActiveCfg = Release|Any CPU
		{A37C8BF1-08E7-46BB-8F9E-536A82365FED}.Trace|x64.Build.0 = Release|Any CPU
		{A37C8BF1-08E7-46BB-8F9E-536A82365FED}.Trace|x86.ActiveCfg = Release|Any CPU
		{A37C8BF1-08E7-46BB-8F9E-536A82365FED}.Trace|x86.Build.0 = Release|Any CPU
		{1364168D-0353-49F5-9DAC-2A501FD8055A}.Debug|Any CPU.ActiveCfg = Debug|Any CPU
		{1364168D-0353-49F5-9DAC-2A501FD8055A}.Debug|Any CPU.Build.0 = Debug|Any CPU
		{1364168D-0353-49F5-9DAC-2A501FD8055A}.Debug|x64.ActiveCfg = Debug|Any CPU
		{1364168D-0353-49F5-9DAC-2A501FD8055A}.Debug|x64.Build.0 = Debug|Any CPU
		{1364168D-0353-49F5-9DAC-2A501FD8055A}.Debug|x86.ActiveCfg = Debug|Any CPU
		{1364168D-0353-49F5-9DAC-2A501FD8055A}.Debug|x86.Build.0 = Debug|Any CPU
		{1364168D-0353-49F5-9DAC-2A501FD8055A}.Release|Any CPU.ActiveCfg = Release|Any CPU
		{1364168D-0353-49F5-9DAC-2A501FD8055A}.Release|Any CPU.Build.0 = Release|Any CPU
		{1364168D-0353-49F5-9DAC-2A501FD8055A}.Release|x64.ActiveCfg = Release|Any CPU
		{1364168D-0353-49F5-9DAC-2A501FD8055A}.Release|x64.Build.0 = Release|Any CPU
		{1364168D-0353-49F5-9DAC-2A501FD8055A}.Release|x86.ActiveCfg = Release|Any CPU
		{1364168D-0353-49F5-9DAC-2A501FD8055A}.Release|x86.Build.0 = Release|Any CPU
		{1364168D-0353-49F5-9DAC-2A501FD8055A}.Trace|Any CPU.ActiveCfg = Release|Any CPU
		{1364168D-0353-49F5-9DAC-2A501FD8055A}.Trace|Any CPU.Build.0 = Release|Any CPU
		{1364168D-0353-49F5-9DAC-2A501FD8055A}.Trace|x64.ActiveCfg = Release|Any CPU
		{1364168D-0353-49F5-9DAC-2A501FD8055A}.Trace|x64.Build.0 = Release|Any CPU
		{1364168D-0353-49F5-9DAC-2A501FD8055A}.Trace|x86.ActiveCfg = Release|Any CPU
		{1364168D-0353-49F5-9DAC-2A501FD8055A}.Trace|x86.Build.0 = Release|Any CPU
		{1B219104-B11E-49E4-861F-5200520FB9E9}.Debug|Any CPU.ActiveCfg = Debug|Any CPU
		{1B219104-B11E-49E4-861F-5200520FB9E9}.Debug|Any CPU.Build.0 = Debug|Any CPU
		{1B219104-B11E-49E4-861F-5200520FB9E9}.Debug|x64.ActiveCfg = Debug|Any CPU
		{1B219104-B11E-49E4-861F-5200520FB9E9}.Debug|x64.Build.0 = Debug|Any CPU
		{1B219104-B11E-49E4-861F-5200520FB9E9}.Debug|x86.ActiveCfg = Debug|Any CPU
		{1B219104-B11E-49E4-861F-5200520FB9E9}.Debug|x86.Build.0 = Debug|Any CPU
		{1B219104-B11E-49E4-861F-5200520FB9E9}.Release|Any CPU.ActiveCfg = Release|Any CPU
		{1B219104-B11E-49E4-861F-5200520FB9E9}.Release|Any CPU.Build.0 = Release|Any CPU
		{1B219104-B11E-49E4-861F-5200520FB9E9}.Release|x64.ActiveCfg = Release|Any CPU
		{1B219104-B11E-49E4-861F-5200520FB9E9}.Release|x64.Build.0 = Release|Any CPU
		{1B219104-B11E-49E4-861F-5200520FB9E9}.Release|x86.ActiveCfg = Release|Any CPU
		{1B219104-B11E-49E4-861F-5200520FB9E9}.Release|x86.Build.0 = Release|Any CPU
		{1B219104-B11E-49E4-861F-5200520FB9E9}.Trace|Any CPU.ActiveCfg = Release|Any CPU
		{1B219104-B11E-49E4-861F-5200520FB9E9}.Trace|Any CPU.Build.0 = Release|Any CPU
		{1B219104-B11E-49E4-861F-5200520FB9E9}.Trace|x64.ActiveCfg = Release|Any CPU
		{1B219104-B11E-49E4-861F-5200520FB9E9}.Trace|x64.Build.0 = Release|Any CPU
		{1B219104-B11E-49E4-861F-5200520FB9E9}.Trace|x86.ActiveCfg = Release|Any CPU
		{1B219104-B11E-49E4-861F-5200520FB9E9}.Trace|x86.Build.0 = Release|Any CPU
		{73DCC218-655B-485F-8EAC-0CE5F2F7343D}.Debug|Any CPU.ActiveCfg = Debug|Any CPU
		{73DCC218-655B-485F-8EAC-0CE5F2F7343D}.Debug|Any CPU.Build.0 = Debug|Any CPU
		{73DCC218-655B-485F-8EAC-0CE5F2F7343D}.Debug|x64.ActiveCfg = Debug|x64
		{73DCC218-655B-485F-8EAC-0CE5F2F7343D}.Debug|x64.Build.0 = Debug|x64
		{73DCC218-655B-485F-8EAC-0CE5F2F7343D}.Debug|x86.ActiveCfg = Debug|Any CPU
		{73DCC218-655B-485F-8EAC-0CE5F2F7343D}.Debug|x86.Build.0 = Debug|Any CPU
		{73DCC218-655B-485F-8EAC-0CE5F2F7343D}.Release|Any CPU.ActiveCfg = Release|Any CPU
		{73DCC218-655B-485F-8EAC-0CE5F2F7343D}.Release|Any CPU.Build.0 = Release|Any CPU
		{73DCC218-655B-485F-8EAC-0CE5F2F7343D}.Release|x64.ActiveCfg = Release|x64
		{73DCC218-655B-485F-8EAC-0CE5F2F7343D}.Release|x64.Build.0 = Release|x64
		{73DCC218-655B-485F-8EAC-0CE5F2F7343D}.Release|x86.ActiveCfg = Release|Any CPU
		{73DCC218-655B-485F-8EAC-0CE5F2F7343D}.Release|x86.Build.0 = Release|Any CPU
		{73DCC218-655B-485F-8EAC-0CE5F2F7343D}.Trace|Any CPU.ActiveCfg = Trace|Any CPU
		{73DCC218-655B-485F-8EAC-0CE5F2F7343D}.Trace|Any CPU.Build.0 = Trace|Any CPU
		{73DCC218-655B-485F-8EAC-0CE5F2F7343D}.Trace|x64.ActiveCfg = Trace|x64
		{73DCC218-655B-485F-8EAC-0CE5F2F7343D}.Trace|x64.Build.0 = Trace|x64
		{73DCC218-655B-485F-8EAC-0CE5F2F7343D}.Trace|x86.ActiveCfg = Trace|Any CPU
		{73DCC218-655B-485F-8EAC-0CE5F2F7343D}.Trace|x86.Build.0 = Trace|Any CPU
	EndGlobalSection
	GlobalSection(SolutionProperties) = preSolution
		HideSolutionNode = FALSE
	EndGlobalSection
	GlobalSection(ExtensibilityGlobals) = postSolution
		SolutionGuid = {3F3B5E45-21B1-4700-8FA2-C33231632709}
	EndGlobalSection
EndGlobal
